
Microsoft Visual Studio Solution File, Format Version 12.00
# Visual Studio Version 16
VisualStudioVersion = 16.0.31205.134
MinimumVisualStudioVersion = 10.0.40219.1
Project("{FAE04EC0-301F-11D3-BF4B-00C04F79EFBC}") = "ECommerce.Backend.Api", "ECommerce.Backend.Api\ECommerce.Backend.Api.csproj", "{DF446463-0907-4671-AC10-B9433EC7482D}"
EndProject
Global
	GlobalSection(SolutionConfigurationPlatforms) = preSolution
		Debug|Any CPU = Debug|Any CPU
		Release|Any CPU = Release|Any CPU
	EndGlobalSection
	GlobalSection(ProjectConfigurationPlatforms) = postSolution
		{DF446463-0907-4671-AC10-B9433EC7482D}.Debug|Any CPU.ActiveCfg = Debug|Any CPU
		{DF446463-0907-4671-AC10-B9433EC7482D}.Debug|Any CPU.Build.0 = Debug|Any CPU
		{DF446463-0907-4671-AC10-B9433EC7482D}.Release|Any CPU.ActiveCfg = Release|Any CPU
		{DF446463-0907-4671-AC10-B9433EC7482D}.Release|Any CPU.Build.0 = Release|Any CPU
	EndGlobalSection
	GlobalSection(SolutionProperties) = preSolution
		HideSolutionNode = FALSE
	EndGlobalSection
	GlobalSection(ExtensibilityGlobals) = postSolution
		SolutionGuid = {64904B27-0DAB-4AC8-9DA3-46074CF21D63}
	EndGlobalSection
EndGlobal
